
Microsoft Visual Studio Solution File, Format Version 12.00
# Visual Studio 15
VisualStudioVersion = 15.0.28307.1062
MinimumVisualStudioVersion = 10.0.40219.1
Project("{8BC9CEB8-8B4A-11D0-8D11-00A0C91BC942}") = "Juego Dragones", "Juego Dragones\Juego Dragones.vcxproj", "{1EC98734-54BC-42E5-95F6-2AFD91C73ADA}"
EndProject
Global
	GlobalSection(SolutionConfigurationPlatforms) = preSolution
		Debug|x64 = Debug|x64
		Debug|x86 = Debug|x86
		Release|x64 = Release|x64
		Release|x86 = Release|x86
	EndGlobalSection
	GlobalSection(ProjectConfigurationPlatforms) = postSolution
		{1EC98734-54BC-42E5-95F6-2AFD91C73ADA}.Debug|x64.ActiveCfg = Debug|x64
		{1EC98734-54BC-42E5-95F6-2AFD91C73ADA}.Debug|x64.Build.0 = Debug|x64
		{1EC98734-54BC-42E5-95F6-2AFD91C73ADA}.Debug|x86.ActiveCfg = Debug|Win32
		{1EC98734-54BC-42E5-95F6-2AFD91C73ADA}.Debug|x86.Build.0 = Debug|Win32
		{1EC98734-54BC-42E5-95F6-2AFD91C73ADA}.Release|x64.ActiveCfg = Release|x64
		{1EC98734-54BC-42E5-95F6-2AFD91C73ADA}.Release|x64.Build.0 = Release|x64
		{1EC98734-54BC-42E5-95F6-2AFD91C73ADA}.Release|x86.ActiveCfg = Release|Win32
		{1EC98734-54BC-42E5-95F6-2AFD91C73ADA}.Release|x86.Build.0 = Release|Win32
	EndGlobalSection
	GlobalSection(SolutionProperties) = preSolution
		HideSolutionNode = FALSE
	EndGlobalSection
	GlobalSection(ExtensibilityGlobals) = postSolution
		SolutionGuid = {CB33A9AC-8A63-4D54-B552-E1796DCB8E90}
	EndGlobalSection
EndGlobal
